// !$*UTF8*$!
{
	archiveVersion = 1;
	classes = {
	};
	objectVersion = 56;
	objects = {

/* Begin PBXBuildFile section */
		D17CB0B12AD419C7001ECCB8 /* AppDelegate.swift in Sources */ = {isa = PBXBuildFile; fileRef = D17CB0B02AD419C7001ECCB8 /* AppDelegate.swift */; };
		D17CB0B52AD419C7001ECCB8 /* ViewController.swift in Sources */ = {isa = PBXBuildFile; fileRef = D17CB0B42AD419C7001ECCB8 /* ViewController.swift */; };
		D17CB0BA2AD419C8001ECCB8 /* Assets.xcassets in Resources */ = {isa = PBXBuildFile; fileRef = D17CB0B92AD419C8001ECCB8 /* Assets.xcassets */; };
		D17CB0BD2AD419C8001ECCB8 /* LaunchScreen.storyboard in Resources */ = {isa = PBXBuildFile; fileRef = D17CB0BB2AD419C8001ECCB8 /* LaunchScreen.storyboard */; };
		D17CB0C62AD41A47001ECCB8 /* SnapKit in Frameworks */ = {isa = PBXBuildFile; productRef = D17CB0C52AD41A47001ECCB8 /* SnapKit */; };
		D17CB0C82AD41A47001ECCB8 /* SnapKit-Dynamic in Frameworks */ = {isa = PBXBuildFile; productRef = D17CB0C72AD41A47001ECCB8 /* SnapKit-Dynamic */; };
/* End PBXBuildFile section */

/* Begin PBXFileReference section */
		D17CB0AD2AD419C7001ECCB8 /* TheLoveStoryOfMiniAndMickey.app */ = {isa = PBXFileReference; explicitFileType = wrapper.application; includeInIndex = 0; path = TheLoveStoryOfMiniAndMickey.app; sourceTree = BUILT_PRODUCTS_DIR; };
		D17CB0B02AD419C7001ECCB8 /* AppDelegate.swift */ = {isa = PBXFileReference; lastKnownFileType = sourcecode.swift; path = AppDelegate.swift; sourceTree = "<group>"; };
		D17CB0B42AD419C7001ECCB8 /* ViewController.swift */ = {isa = PBXFileReference; lastKnownFileType = sourcecode.swift; path = ViewController.swift; sourceTree = "<group>"; };
		D17CB0B92AD419C8001ECCB8 /* Assets.xcassets */ = {isa = PBXFileReference; lastKnownFileType = folder.assetcatalog; path = Assets.xcassets; sourceTree = "<group>"; };
		D17CB0BC2AD419C8001ECCB8 /* Base */ = {isa = PBXFileReference; lastKnownFileType = file.storyboard; name = Base; path = Base.lproj/LaunchScreen.storyboard; sourceTree = "<group>"; };
		D17CB0BE2AD419C8001ECCB8 /* Info.plist */ = {isa = PBXFileReference; lastKnownFileType = text.plist.xml; path = Info.plist; sourceTree = "<group>"; };
/* End PBXFileReference section */

/* Begin PBXFrameworksBuildPhase section */
		D17CB0AA2AD419C7001ECCB8 /* Frameworks */ = {
			isa = PBXFrameworksBuildPhase;
			buildActionMask = 2147483647;
			files = (
				D17CB0C62AD41A47001ECCB8 /* SnapKit in Frameworks */,
				D17CB0C82AD41A47001ECCB8 /* SnapKit-Dynamic in Frameworks */,
			);
			runOnlyForDeploymentPostprocessing = 0;
		};
/* End PBXFrameworksBuildPhase section */

/* Begin PBXGroup section */
		D17CB0A42AD419C7001ECCB8 = {
			isa = PBXGroup;
			children = (
				D17CB0AF2AD419C7001ECCB8 /* TheLoveStoryOfMiniAndMickey */,
				D17CB0AE2AD419C7001ECCB8 /* Products */,
			);
			sourceTree = "<group>";
		};
		D17CB0AE2AD419C7001ECCB8 /* Products */ = {
			isa = PBXGroup;
			children = (
				D17CB0AD2AD419C7001ECCB8 /* TheLoveStoryOfMiniAndMickey.app */,
			);
			name = Products;
			sourceTree = "<group>";
		};
		D17CB0AF2AD419C7001ECCB8 /* TheLoveStoryOfMiniAndMickey */ = {
			isa = PBXGroup;
			children = (
				D17CB0B02AD419C7001ECCB8 /* AppDelegate.swift */,
				D17CB0B42AD419C7001ECCB8 /* ViewController.swift */,
				D17CB0B92AD419C8001ECCB8 /* Assets.xcassets */,
				D17CB0BB2AD419C8001ECCB8 /* LaunchScreen.storyboard */,
				D17CB0BE2AD419C8001ECCB8 /* Info.plist */,
			);
			path = TheLoveStoryOfMiniAndMickey;
			sourceTree = "<group>";
		};
/* End PBXGroup section */

/* Begin PBXNativeTarget section */
		D17CB0AC2AD419C7001ECCB8 /* TheLoveStoryOfMiniAndMickey */ = {
			isa = PBXNativeTarget;
			buildConfigurationList = D17CB0C12AD419C8001ECCB8 /* Build configuration list for PBXNativeTarget "TheLoveStoryOfMiniAndMickey" */;
			buildPhases = (
				D17CB0A92AD419C7001ECCB8 /* Sources */,
				D17CB0AA2AD419C7001ECCB8 /* Frameworks */,
				D17CB0AB2AD419C7001ECCB8 /* Resources */,
			);
			buildRules = (
			);
			dependencies = (
			);
			name = TheLoveStoryOfMiniAndMickey;
			packageProductDependencies = (
				D17CB0C52AD41A47001ECCB8 /* SnapKit */,
				D17CB0C72AD41A47001ECCB8 /* SnapKit-Dynamic */,
			);
			productName = TheLoveStoryOfMiniAndMickey;
			productReference = D17CB0AD2AD419C7001ECCB8 /* TheLoveStoryOfMiniAndMickey.app */;
			productType = "com.apple.product-type.application";
		};
/* End PBXNativeTarget section */

/* Begin PBXProject section */
		D17CB0A52AD419C7001ECCB8 /* Project object */ = {
			isa = PBXProject;
			attributes = {
				BuildIndependentTargetsInParallel = 1;
				LastSwiftUpdateCheck = 1500;
				LastUpgradeCheck = 1500;
				TargetAttributes = {
					D17CB0AC2AD419C7001ECCB8 = {
						CreatedOnToolsVersion = 15.0;
					};
				};
			};
			buildConfigurationList = D17CB0A82AD419C7001ECCB8 /* Build configuration list for PBXProject "TheLoveStoryOfMiniAndMickey" */;
			compatibilityVersion = "Xcode 14.0";
			developmentRegion = en;
			hasScannedForEncodings = 0;
			knownRegions = (
				en,
				Base,
			);
			mainGroup = D17CB0A42AD419C7001ECCB8;
			packageReferences = (
				D17CB0C42AD41A47001ECCB8 /* XCRemoteSwiftPackageReference "SnapKit" */,
			);
			productRefGroup = D17CB0AE2AD419C7001ECCB8 /* Products */;
			projectDirPath = "";
			projectRoot = "";
			targets = (
				D17CB0AC2AD419C7001ECCB8 /* TheLoveStoryOfMiniAndMickey */,
			);
		};
/* End PBXProject section */

/* Begin PBXResourcesBuildPhase section */
		D17CB0AB2AD419C7001ECCB8 /* Resources */ = {
			isa = PBXResourcesBuildPhase;
			buildActionMask = 2147483647;
			files = (
				D17CB0BD2AD419C8001ECCB8 /* LaunchScreen.storyboard in Resources */,
				D17CB0BA2AD419C8001ECCB8 /* Assets.xcassets in Resources */,
			);
			runOnlyForDeploymentPostprocessing = 0;
		};
/* End PBXResourcesBuildPhase section */

/* Begin PBXSourcesBuildPhase section */
		D17CB0A92AD419C7001ECCB8 /* Sources */ = {
			isa = PBXSourcesBuildPhase;
			buildActionMask = 2147483647;
			files = (
				D17CB0B52AD419C7001ECCB8 /* ViewController.swift in Sources */,
				D17CB0B12AD419C7001ECCB8 /* AppDelegate.swift in Sources */,
			);
			runOnlyForDeploymentPostprocessing = 0;
		};
/* End PBXSourcesBuildPhase section */

/* Begin PBXVariantGroup section */
		D17CB0BB2AD419C8001ECCB8 /* LaunchScreen.storyboard */ = {
			isa = PBXVariantGroup;
			children = (
				D17CB0BC2AD419C8001ECCB8 /* Base */,
			);
			name = LaunchScreen.storyboard;
			sourceTree = "<group>";
		};
/* End PBXVariantGroup section */

/* Begin XCBuildConfiguration section */
		D17CB0BF2AD419C8001ECCB8 /* Debug */ = {
			isa = XCBuildConfiguration;
			buildSettings = {
				ALWAYS_SEARCH_USER_PATHS = NO;
				ASSETCATALOG_COMPILER_GENERATE_SWIFT_ASSET_SYMBOL_EXTENSIONS = YES;
				CLANG_ANALYZER_NONNULL = YES;
				CLANG_ANALYZER_NUMBER_OBJECT_CONVERSION = YES_AGGRESSIVE;
				CLANG_CXX_LANGUAGE_STANDARD = "gnu++20";
				CLANG_ENABLE_MODULES = YES;
				CLANG_ENABLE_OBJC_ARC = YES;
				CLANG_ENABLE_OBJC_WEAK = YES;
				CLANG_WARN_BLOCK_CAPTURE_AUTORELEASING = YES;
				CLANG_WARN_BOOL_CONVERSION = YES;
				CLANG_WARN_COMMA = YES;
				CLANG_WARN_CONSTANT_CONVERSION = YES;
				CLANG_WARN_DEPRECATED_OBJC_IMPLEMENTATIONS = YES;
				CLANG_WARN_DIRECT_OBJC_ISA_USAGE = YES_ERROR;
				CLANG_WARN_DOCUMENTATION_COMMENTS = YES;
				CLANG_WARN_EMPTY_BODY = YES;
				CLANG_WARN_ENUM_CONVERSION = YES;
				CLANG_WARN_INFINITE_RECURSION = YES;
				CLANG_WARN_INT_CONVERSION = YES;
				CLANG_WARN_NON_LITERAL_NULL_CONVERSION = YES;
				CLANG_WARN_OBJC_IMPLICIT_RETAIN_SELF = YES;
				CLANG_WARN_OBJC_LITERAL_CONVERSION = YES;
				CLANG_WARN_OBJC_ROOT_CLASS = YES_ERROR;
				CLANG_WARN_QUOTED_INCLUDE_IN_FRAMEWORK_HEADER = YES;
				CLANG_WARN_RANGE_LOOP_ANALYSIS = YES;
				CLANG_WARN_STRICT_PROTOTYPES = YES;
				CLANG_WARN_SUSPICIOUS_MOVE = YES;
				CLANG_WARN_UNGUARDED_AVAILABILITY = YES_AGGRESSIVE;
				CLANG_WARN_UNREACHABLE_CODE = YES;
				CLANG_WARN__DUPLICATE_METHOD_MATCH = YES;
				COPY_PHASE_STRIP = NO;
				DEBUG_INFORMATION_FORMAT = dwarf;
				ENABLE_STRICT_OBJC_MSGSEND = YES;
				ENABLE_TESTABILITY = YES;
				ENABLE_USER_SCRIPT_SANDBOXING = YES;
				GCC_C_LANGUAGE_STANDARD = gnu17;
				GCC_DYNAMIC_NO_PIC = NO;
				GCC_NO_COMMON_BLOCKS = YES;
				GCC_OPTIMIZATION_LEVEL = 0;
				GCC_PREPROCESSOR_DEFINITIONS = (
					"DEBUG=1",
					"$(inherited)",
				);
				GCC_WARN_64_TO_32_BIT_CONVERSION = YES;
				GCC_WARN_ABOUT_RETURN_TYPE = YES_ERROR;
				GCC_WARN_UNDECLARED_SELECTOR = YES;
				GCC_WARN_UNINITIALIZED_AUTOS = YES_AGGRESSIVE;
				GCC_WARN_UNUSED_FUNCTION = YES;
				GCC_WARN_UNUSED_VARIABLE = YES;
				IPHONEOS_DEPLOYMENT_TARGET = 17.0;
				LOCALIZATION_PREFERS_STRING_CATALOGS = YES;
				MTL_ENABLE_DEBUG_INFO = INCLUDE_SOURCE;
				MTL_FAST_MATH = YES;
				ONLY_ACTIVE_ARCH = YES;
				SDKROOT = iphoneos;
				SWIFT_ACTIVE_COMPILATION_CONDITIONS = "DEBUG $(inherited)";
				SWIFT_OPTIMIZATION_LEVEL = "-Onone";
			};
			name = Debug;
		};
		D17CB0C02AD419C8001ECCB8 /* Release */ = {
			isa = XCBuildConfiguration;
			buildSettings = {
				ALWAYS_SEARCH_USER_PATHS = NO;
				ASSETCATALOG_COMPILER_GENERATE_SWIFT_ASSET_SYMBOL_EXTENSIONS = YES;
				CLANG_ANALYZER_NONNULL = YES;
				CLANG_ANALYZER_NUMBER_OBJECT_CONVERSION = YES_AGGRESSIVE;
				CLANG_CXX_LANGUAGE_STANDARD = "gnu++20";
				CLANG_ENABLE_MODULES = YES;
				CLANG_ENABLE_OBJC_ARC = YES;
				CLANG_ENABLE_OBJC_WEAK = YES;
				CLANG_WARN_BLOCK_CAPTURE_AUTORELEASING = YES;
				CLANG_WARN_BOOL_CONVERSION = YES;
				CLANG_WARN_COMMA = YES;
				CLANG_WARN_CONSTANT_CONVERSION = YES;
				CLANG_WARN_DEPRECATED_OBJC_IMPLEMENTATIONS = YES;
				CLANG_WARN_DIRECT_OBJC_ISA_USAGE = YES_ERROR;
				CLANG_WARN_DOCUMENTATION_COMMENTS = YES;
				CLANG_WARN_EMPTY_BODY = YES;
				CLANG_WARN_ENUM_CONVERSION = YES;
				CLANG_WARN_INFINITE_RECURSION = YES;
				CLANG_WARN_INT_CONVERSION = YES;
				CLANG_WARN_NON_LITERAL_NULL_CONVERSION = YES;
				CLANG_WARN_OBJC_IMPLICIT_RETAIN_SELF = YES;
				CLANG_WARN_OBJC_LITERAL_CONVERSION = YES;
				CLANG_WARN_OBJC_ROOT_CLASS = YES_ERROR;
				CLANG_WARN_QUOTED_INCLUDE_IN_FRAMEWORK_HEADER = YES;
				CLANG_WARN_RANGE_LOOP_ANALYSIS = YES;
				CLANG_WARN_STRICT_PROTOTYPES = YES;
				CLANG_WARN_SUSPICIOUS_MOVE = YES;
				CLANG_WARN_UNGUARDED_AVAILABILITY = YES_AGGRESSIVE;
				CLANG_WARN_UNREACHABLE_CODE = YES;
				CLANG_WARN__DUPLICATE_METHOD_MATCH = YES;
				COPY_PHASE_STRIP = NO;
				DEBUG_INFORMATION_FORMAT = "dwarf-with-dsym";
				ENABLE_NS_ASSERTIONS = NO;
				ENABLE_STRICT_OBJC_MSGSEND = YES;
				ENABLE_USER_SCRIPT_SANDBOXING = YES;
				GCC_C_LANGUAGE_STANDARD = gnu17;
				GCC_NO_COMMON_BLOCKS = YES;
				GCC_WARN_64_TO_32_BIT_CONVERSION = YES;
				GCC_WARN_ABOUT_RETURN_TYPE = YES_ERROR;
				GCC_WARN_UNDECLARED_SELECTOR = YES;
				GCC_WARN_UNINITIALIZED_AUTOS = YES_AGGRESSIVE;
				GCC_WARN_UNUSED_FUNCTION = YES;
				GCC_WARN_UNUSED_VARIABLE = YES;
				IPHONEOS_DEPLOYMENT_TARGET = 17.0;
				LOCALIZATION_PREFERS_STRING_CATALOGS = YES;
				MTL_ENABLE_DEBUG_INFO = NO;
				MTL_FAST_MATH = YES;
				SDKROOT = iphoneos;
				SWIFT_COMPILATION_MODE = wholemodule;
				VALIDATE_PRODUCT = YES;
			};
			name = Release;
		};
		D17CB0C22AD419C8001ECCB8 /* Debug */ = {
			isa = XCBuildConfiguration;
			buildSettings = {
				ASSETCATALOG_COMPILER_APPICON_NAME = AppIcon;
				ASSETCATALOG_COMPILER_GLOBAL_ACCENT_COLOR_NAME = AccentColor;
				CODE_SIGN_STYLE = Automatic;
				CURRENT_PROJECT_VERSION = 1;
				DEVELOPMENT_TEAM = H75YPV3Z3N;
				GENERATE_INFOPLIST_FILE = YES;
				INFOPLIST_FILE = TheLoveStoryOfMiniAndMickey/Info.plist;
				INFOPLIST_KEY_UIApplicationSupportsIndirectInputEvents = YES;
				INFOPLIST_KEY_UILaunchStoryboardName = LaunchScreen;
				INFOPLIST_KEY_UISupportedInterfaceOrientations_iPad = "UIInterfaceOrientationPortrait UIInterfaceOrientationPortraitUpsideDown UIInterfaceOrientationLandscapeLeft UIInterfaceOrientationLandscapeRight";
				INFOPLIST_KEY_UISupportedInterfaceOrientations_iPhone = "UIInterfaceOrientationPortrait UIInterfaceOrientationLandscapeLeft UIInterfaceOrientationLandscapeRight";
				LD_RUNPATH_SEARCH_PATHS = (
					"$(inherited)",
					"@executable_path/Frameworks",
				);
				MARKETING_VERSION = 1.0;
				PRODUCT_BUNDLE_IDENTIFIER = CVS.TheLoveStoryOfMiniAndMickey;
				PRODUCT_NAME = "$(TARGET_NAME)";
				SWIFT_EMIT_LOC_STRINGS = YES;
				SWIFT_VERSION = 5.0;
				TARGETED_DEVICE_FAMILY = "1,2";
			};
			name = Debug;
		};
		D17CB0C32AD419C8001ECCB8 /* Release */ = {
			isa = XCBuildConfiguration;
			buildSettings = {
				ASSETCATALOG_COMPILER_APPICON_NAME = AppIcon;
				ASSETCATALOG_COMPILER_GLOBAL_ACCENT_COLOR_NAME = AccentColor;
				CODE_SIGN_STYLE = Automatic;
				CURRENT_PROJECT_VERSION = 1;
				DEVELOPMENT_TEAM = H75YPV3Z3N;
				GENERATE_INFOPLIST_FILE = YES;
				INFOPLIST_FILE = TheLoveStoryOfMiniAndMickey/Info.plist;
				INFOPLIST_KEY_UIApplicationSupportsIndirectInputEvents = YES;
				INFOPLIST_KEY_UILaunchStoryboardName = LaunchScreen;
				INFOPLIST_KEY_UISupportedInterfaceOrientations_iPad = "UIInterfaceOrientationPortrait UIInterfaceOrientationPortraitUpsideDown UIInterfaceOrientationLandscapeLeft UIInterfaceOrientationLandscapeRight";
				INFOPLIST_KEY_UISupportedInterfaceOrientations_iPhone = "UIInterfaceOrientationPortrait UIInterfaceOrientationLandscapeLeft UIInterfaceOrientationLandscapeRight";
				LD_RUNPATH_SEARCH_PATHS = (
					"$(inherited)",
					"@executable_path/Frameworks",
				);
				MARKETING_VERSION = 1.0;
				PRODUCT_BUNDLE_IDENTIFIER = CVS.TheLoveStoryOfMiniAndMickey;
				PRODUCT_NAME = "$(TARGET_NAME)";
				SWIFT_EMIT_LOC_STRINGS = YES;
				SWIFT_VERSION = 5.0;
				TARGETED_DEVICE_FAMILY = "1,2";
			};
			name = Release;
		};
/* End XCBuildConfiguration section */

/* Begin XCConfigurationList section */
		D17CB0A82AD419C7001ECCB8 /* Build configuration list for PBXProject "TheLoveStoryOfMiniAndMickey" */ = {
			isa = XCConfigurationList;
			buildConfigurations = (
				D17CB0BF2AD419C8001ECCB8 /* Debug */,
				D17CB0C02AD419C8001ECCB8 /* Release */,
			);
			defaultConfigurationIsVisible = 0;
			defaultConfigurationName = Release;
		};
		D17CB0C12AD419C8001ECCB8 /* Build configuration list for PBXNativeTarget "TheLoveStoryOfMiniAndMickey" */ = {
			isa = XCConfigurationList;
			buildConfigurations = (
				D17CB0C22AD419C8001ECCB8 /* Debug */,
				D17CB0C32AD419C8001ECCB8 /* Release */,
			);
			defaultConfigurationIsVisible = 0;
			defaultConfigurationName = Release;
		};
/* End XCConfigurationList section */

/* Begin XCRemoteSwiftPackageReference section */
		D17CB0C42AD41A47001ECCB8 /* XCRemoteSwiftPackageReference "SnapKit" */ = {
			isa = XCRemoteSwiftPackageReference;
			repositoryURL = "https://github.com/SnapKit/SnapKit.git";
			requirement = {
				kind = upToNextMajorVersion;
				minimumVersion = 5.6.0;
			};
		};
/* End XCRemoteSwiftPackageReference section */

/* Begin XCSwiftPackageProductDependency section */
		D17CB0C52AD41A47001ECCB8 /* SnapKit */ = {
			isa = XCSwiftPackageProductDependency;
			package = D17CB0C42AD41A47001ECCB8 /* XCRemoteSwiftPackageReference "SnapKit" */;
			productName = SnapKit;
		};
		D17CB0C72AD41A47001ECCB8 /* SnapKit-Dynamic */ = {
			isa = XCSwiftPackageProductDependency;
			package = D17CB0C42AD41A47001ECCB8 /* XCRemoteSwiftPackageReference "SnapKit" */;
			productName = "SnapKit-Dynamic";
		};
/* End XCSwiftPackageProductDependency section */
	};
	rootObject = D17CB0A52AD419C7001ECCB8 /* Project object */;
}
